// !$*UTF8*$!
{
	archiveVersion = 1;
	classes = {
	};
	objectVersion = 56;
	objects = {

/* Begin PBXBuildFile section */
		A2667E98849D68F54F414791 /* Pods_book_app.framework in Frameworks */ = {isa = PBXBuildFile; fileRef = C3E2DA637A23CFEEFB6DE0C1 /* Pods_book_app.framework */; };
		BA3E7B672AE2AF4A00CE3C3E /* UICollectionViewCell.swift in Sources */ = {isa = PBXBuildFile; fileRef = BA3E7B662AE2AF4A00CE3C3E /* UICollectionViewCell.swift */; };
		BA3E7B6A2AE2B0F000CE3C3E /* CarouselCollectionFlowLayout.swift in Sources */ = {isa = PBXBuildFile; fileRef = BA3E7B692AE2B0F000CE3C3E /* CarouselCollectionFlowLayout.swift */; };
		BA3E7B6C2AE2BE7300CE3C3E /* DataDecoder.swift in Sources */ = {isa = PBXBuildFile; fileRef = BA3E7B6B2AE2BE7300CE3C3E /* DataDecoder.swift */; };
		BA3E7B702AE2BEB800CE3C3E /* LibraryDataFetcherInput.swift in Sources */ = {isa = PBXBuildFile; fileRef = BA3E7B6F2AE2BEB800CE3C3E /* LibraryDataFetcherInput.swift */; };
		BA3E7B722AE2BEBD00CE3C3E /* LibraryDataFetcher.swift in Sources */ = {isa = PBXBuildFile; fileRef = BA3E7B712AE2BEBD00CE3C3E /* LibraryDataFetcher.swift */; };
		BA3E7B752AE2BEE200CE3C3E /* LibraryDataConverterInput.swift in Sources */ = {isa = PBXBuildFile; fileRef = BA3E7B742AE2BEE200CE3C3E /* LibraryDataConverterInput.swift */; };
		BA3E7B772AE2BEE600CE3C3E /* LibraryDataConverter.swift in Sources */ = {isa = PBXBuildFile; fileRef = BA3E7B762AE2BEE600CE3C3E /* LibraryDataConverter.swift */; };
		BA3E7B7A2AE2BF5500CE3C3E /* Endpoint.swift in Sources */ = {isa = PBXBuildFile; fileRef = BA3E7B792AE2BF5500CE3C3E /* Endpoint.swift */; };
		BA3E7B7E2AE2BFEF00CE3C3E /* DetailsDataFetcherInput.swift in Sources */ = {isa = PBXBuildFile; fileRef = BA3E7B7D2AE2BFEF00CE3C3E /* DetailsDataFetcherInput.swift */; };
		BA3E7B802AE2BFF900CE3C3E /* DetailsDataFetcher.swift in Sources */ = {isa = PBXBuildFile; fileRef = BA3E7B7F2AE2BFF900CE3C3E /* DetailsDataFetcher.swift */; };
		BA3E7B822AE2C17600CE3C3E /* DetailsCorousel.swift in Sources */ = {isa = PBXBuildFile; fileRef = BA3E7B812AE2C17600CE3C3E /* DetailsCorousel.swift */; };
		BA3E7B852AE2C29C00CE3C3E /* DetailsDataConverterInput.swift in Sources */ = {isa = PBXBuildFile; fileRef = BA3E7B842AE2C29C00CE3C3E /* DetailsDataConverterInput.swift */; };
		BA3E7B872AE2C2A000CE3C3E /* DetailsDataConverter.swift in Sources */ = {isa = PBXBuildFile; fileRef = BA3E7B862AE2C2A000CE3C3E /* DetailsDataConverter.swift */; };
		BA71B4E72AE1024B00554EC4 /* AppDelegate.swift in Sources */ = {isa = PBXBuildFile; fileRef = BA71B4E62AE1024B00554EC4 /* AppDelegate.swift */; };
		BA71B4E92AE1024B00554EC4 /* SceneDelegate.swift in Sources */ = {isa = PBXBuildFile; fileRef = BA71B4E82AE1024B00554EC4 /* SceneDelegate.swift */; };
		BA71B4F02AE1024C00554EC4 /* Assets.xcassets in Resources */ = {isa = PBXBuildFile; fileRef = BA71B4EF2AE1024C00554EC4 /* Assets.xcassets */; };
		BA71B4F32AE1024C00554EC4 /* LaunchScreen.storyboard in Resources */ = {isa = PBXBuildFile; fileRef = BA71B4F12AE1024C00554EC4 /* LaunchScreen.storyboard */; };
		BA71B4FB2AE102E900554EC4 /* GoogleService-Info.plist in Resources */ = {isa = PBXBuildFile; fileRef = BA71B4FA2AE102E800554EC4 /* GoogleService-Info.plist */; };
		BA71B4FD2AE1095500554EC4 /* SplashScreenViewController.swift in Sources */ = {isa = PBXBuildFile; fileRef = BA71B4FC2AE1095500554EC4 /* SplashScreenViewController.swift */; };
		BA71B5082AE11F6100554EC4 /* SplashScreenViewModel.swift in Sources */ = {isa = PBXBuildFile; fileRef = BA71B5072AE11F6100554EC4 /* SplashScreenViewModel.swift */; };
		BA71B50B2AE11F8B00554EC4 /* LibraryViewController.swift in Sources */ = {isa = PBXBuildFile; fileRef = BA71B50A2AE11F8B00554EC4 /* LibraryViewController.swift */; };
		BA71B50F2AE11FA700554EC4 /* LibraryViewModel.swift in Sources */ = {isa = PBXBuildFile; fileRef = BA71B50E2AE11FA700554EC4 /* LibraryViewModel.swift */; };
		BA71B5122AE11FEB00554EC4 /* Coordinator.swift in Sources */ = {isa = PBXBuildFile; fileRef = BA71B5112AE11FEB00554EC4 /* Coordinator.swift */; };
		BA71B5142AE11FF400554EC4 /* MainCoordinator.swift in Sources */ = {isa = PBXBuildFile; fileRef = BA71B5132AE11FF400554EC4 /* MainCoordinator.swift */; };
		BA71B5172AE1272C00554EC4 /* SplashScreenCoordinator.swift in Sources */ = {isa = PBXBuildFile; fileRef = BA71B5162AE1272C00554EC4 /* SplashScreenCoordinator.swift */; };
		BA71B51B2AE12D5400554EC4 /* ImageStorage.swift in Sources */ = {isa = PBXBuildFile; fileRef = BA71B51A2AE12D5400554EC4 /* ImageStorage.swift */; };
		BA71B51E2AE12E1400554EC4 /* UIImage+Extensions.swift in Sources */ = {isa = PBXBuildFile; fileRef = BA71B51D2AE12E1400554EC4 /* UIImage+Extensions.swift */; };
		BA71B5212AE1350A00554EC4 /* ColorStorage.swift in Sources */ = {isa = PBXBuildFile; fileRef = BA71B5202AE1350A00554EC4 /* ColorStorage.swift */; };
		BA71B52B2AE13D3D00554EC4 /* NunitoSans-Bold.ttf in Resources */ = {isa = PBXBuildFile; fileRef = BA71B52A2AE13C3800554EC4 /* NunitoSans-Bold.ttf */; };
		BA71B52D2AE13FCE00554EC4 /* SplashScreenLoadingView.swift in Sources */ = {isa = PBXBuildFile; fileRef = BA71B52C2AE13FCE00554EC4 /* SplashScreenLoadingView.swift */; };
		BA71B5302AE1474C00554EC4 /* LibraryScreenCoordinator.swift in Sources */ = {isa = PBXBuildFile; fileRef = BA71B52F2AE1474C00554EC4 /* LibraryScreenCoordinator.swift */; };
		BA71B5322AE147A300554EC4 /* SplashScreenViewModelInput.swift in Sources */ = {isa = PBXBuildFile; fileRef = BA71B5312AE147A300554EC4 /* SplashScreenViewModelInput.swift */; };
		BA71B5342AE147B300554EC4 /* SplashScreenCoordinatorInput.swift in Sources */ = {isa = PBXBuildFile; fileRef = BA71B5332AE147B300554EC4 /* SplashScreenCoordinatorInput.swift */; };
		BA71B5362AE1481100554EC4 /* LibraryViewModelInput.swift in Sources */ = {isa = PBXBuildFile; fileRef = BA71B5352AE1481100554EC4 /* LibraryViewModelInput.swift */; };
		BA71B5382AE1482300554EC4 /* LibraryScreenCoordinatorInput.swift in Sources */ = {isa = PBXBuildFile; fileRef = BA71B5372AE1482300554EC4 /* LibraryScreenCoordinatorInput.swift */; };
		BA71B53D2AE177F800554EC4 /* FirebaseRemoteConfigManager.swift in Sources */ = {isa = PBXBuildFile; fileRef = BA71B53C2AE177F800554EC4 /* FirebaseRemoteConfigManager.swift */; };
		BABBDA932AE1836800433EDD /* Library.swift in Sources */ = {isa = PBXBuildFile; fileRef = BABBDA922AE1836800433EDD /* Library.swift */; };
		BABBDA952AE1837200433EDD /* BookGenre.swift in Sources */ = {isa = PBXBuildFile; fileRef = BABBDA942AE1837200433EDD /* BookGenre.swift */; };
		BABBDA972AE1837800433EDD /* BookRemoteConfiguration.swift in Sources */ = {isa = PBXBuildFile; fileRef = BABBDA962AE1837800433EDD /* BookRemoteConfiguration.swift */; };
		BABBDA992AE1837F00433EDD /* Book.swift in Sources */ = {isa = PBXBuildFile; fileRef = BABBDA982AE1837F00433EDD /* Book.swift */; };
		BABBDA9B2AE1838600433EDD /* TopBannerSlide.swift in Sources */ = {isa = PBXBuildFile; fileRef = BABBDA9A2AE1838600433EDD /* TopBannerSlide.swift */; };
		BABBDA9E2AE183EF00433EDD /* RemoteConfigDataMapper.swift in Sources */ = {isa = PBXBuildFile; fileRef = BABBDA9D2AE183EF00433EDD /* RemoteConfigDataMapper.swift */; };
		BABBDAA02AE1841A00433EDD /* InternalError.swift in Sources */ = {isa = PBXBuildFile; fileRef = BABBDA9F2AE1841A00433EDD /* InternalError.swift */; };
		BABBDAA32AE1845B00433EDD /* NetworkError.swift in Sources */ = {isa = PBXBuildFile; fileRef = BABBDAA22AE1845B00433EDD /* NetworkError.swift */; };
		BABBDAA62AE184B400433EDD /* RemoteConfigManager.swift in Sources */ = {isa = PBXBuildFile; fileRef = BABBDAA52AE184B400433EDD /* RemoteConfigManager.swift */; };
		BABBDAA82AE1853F00433EDD /* LibrarySectionHeaderView.swift in Sources */ = {isa = PBXBuildFile; fileRef = BABBDAA72AE1853F00433EDD /* LibrarySectionHeaderView.swift */; };
		BABBDAAA2AE186AF00433EDD /* BookCollectionViewCell.swift in Sources */ = {isa = PBXBuildFile; fileRef = BABBDAA92AE186AF00433EDD /* BookCollectionViewCell.swift */; };
		BABBDAAC2AE18E5300433EDD /* NunitoSans-SemiBoldItalic.ttf in Resources */ = {isa = PBXBuildFile; fileRef = BABBDAAB2AE18E5300433EDD /* NunitoSans-SemiBoldItalic.ttf */; };
		BABBDAAF2AE197B300433EDD /* ImageLoader.swift in Sources */ = {isa = PBXBuildFile; fileRef = BABBDAAE2AE197B300433EDD /* ImageLoader.swift */; };
		BAC2FBCF2AE1B16800D5E5A0 /* LibraryHeaderView.swift in Sources */ = {isa = PBXBuildFile; fileRef = BAC2FBCE2AE1B16800D5E5A0 /* LibraryHeaderView.swift */; };
		BAC2FBD12AE1C7A400D5E5A0 /* BannersPageViewController.swift in Sources */ = {isa = PBXBuildFile; fileRef = BAC2FBD02AE1C7A400D5E5A0 /* BannersPageViewController.swift */; };
		BAF5A1BD2AE27E2F0096FEA3 /* BannerRepresentableViewController.swift in Sources */ = {isa = PBXBuildFile; fileRef = BAF5A1BC2AE27E2F0096FEA3 /* BannerRepresentableViewController.swift */; };
		BAF5A1C32AE285EF0096FEA3 /* DetailsScreenCoordinatorInput.swift in Sources */ = {isa = PBXBuildFile; fileRef = BAF5A1C22AE285EF0096FEA3 /* DetailsScreenCoordinatorInput.swift */; };
		BAF5A1C52AE285F40096FEA3 /* DetailsScreenCoordinator.swift in Sources */ = {isa = PBXBuildFile; fileRef = BAF5A1C42AE285F40096FEA3 /* DetailsScreenCoordinator.swift */; };
		BAF5A1C72AE285FF0096FEA3 /* DetailsViewController.swift in Sources */ = {isa = PBXBuildFile; fileRef = BAF5A1C62AE285FF0096FEA3 /* DetailsViewController.swift */; };
		BAF5A1C92AE286170096FEA3 /* DetailsViewModelInput.swift in Sources */ = {isa = PBXBuildFile; fileRef = BAF5A1C82AE286170096FEA3 /* DetailsViewModelInput.swift */; };
		BAF5A1CB2AE2861B0096FEA3 /* DetailsViewModel.swift in Sources */ = {isa = PBXBuildFile; fileRef = BAF5A1CA2AE2861B0096FEA3 /* DetailsViewModel.swift */; };
		BAF5A1CE2AE298220096FEA3 /* CarouselBooksView.swift in Sources */ = {isa = PBXBuildFile; fileRef = BAF5A1CD2AE298220096FEA3 /* CarouselBooksView.swift */; };
		BAF5A1D02AE2982A0096FEA3 /* BookDescriptionView.swift in Sources */ = {isa = PBXBuildFile; fileRef = BAF5A1CF2AE298290096FEA3 /* BookDescriptionView.swift */; };
/* End PBXBuildFile section */

/* Begin PBXFileReference section */
		3DFD204E8A97FAE42CCD6D4E /* Pods-book_app.debug.xcconfig */ = {isa = PBXFileReference; includeInIndex = 1; lastKnownFileType = text.xcconfig; name = "Pods-book_app.debug.xcconfig"; path = "Target Support Files/Pods-book_app/Pods-book_app.debug.xcconfig"; sourceTree = "<group>"; };
		96E4D680B4FE7F23674F3D05 /* Pods-book_app.release.xcconfig */ = {isa = PBXFileReference; includeInIndex = 1; lastKnownFileType = text.xcconfig; name = "Pods-book_app.release.xcconfig"; path = "Target Support Files/Pods-book_app/Pods-book_app.release.xcconfig"; sourceTree = "<group>"; };
		BA3E7B662AE2AF4A00CE3C3E /* UICollectionViewCell.swift */ = {isa = PBXFileReference; lastKnownFileType = sourcecode.swift; path = UICollectionViewCell.swift; sourceTree = "<group>"; };
		BA3E7B692AE2B0F000CE3C3E /* CarouselCollectionFlowLayout.swift */ = {isa = PBXFileReference; lastKnownFileType = sourcecode.swift; path = CarouselCollectionFlowLayout.swift; sourceTree = "<group>"; };
		BA3E7B6B2AE2BE7300CE3C3E /* DataDecoder.swift */ = {isa = PBXFileReference; lastKnownFileType = sourcecode.swift; path = DataDecoder.swift; sourceTree = "<group>"; };
		BA3E7B6F2AE2BEB800CE3C3E /* LibraryDataFetcherInput.swift */ = {isa = PBXFileReference; lastKnownFileType = sourcecode.swift; path = LibraryDataFetcherInput.swift; sourceTree = "<group>"; };
		BA3E7B712AE2BEBD00CE3C3E /* LibraryDataFetcher.swift */ = {isa = PBXFileReference; lastKnownFileType = sourcecode.swift; path = LibraryDataFetcher.swift; sourceTree = "<group>"; };
		BA3E7B742AE2BEE200CE3C3E /* LibraryDataConverterInput.swift */ = {isa = PBXFileReference; lastKnownFileType = sourcecode.swift; path = LibraryDataConverterInput.swift; sourceTree = "<group>"; };
		BA3E7B762AE2BEE600CE3C3E /* LibraryDataConverter.swift */ = {isa = PBXFileReference; lastKnownFileType = sourcecode.swift; path = LibraryDataConverter.swift; sourceTree = "<group>"; };
		BA3E7B792AE2BF5500CE3C3E /* Endpoint.swift */ = {isa = PBXFileReference; lastKnownFileType = sourcecode.swift; path = Endpoint.swift; sourceTree = "<group>"; };
		BA3E7B7D2AE2BFEF00CE3C3E /* DetailsDataFetcherInput.swift */ = {isa = PBXFileReference; lastKnownFileType = sourcecode.swift; path = DetailsDataFetcherInput.swift; sourceTree = "<group>"; };
		BA3E7B7F2AE2BFF900CE3C3E /* DetailsDataFetcher.swift */ = {isa = PBXFileReference; lastKnownFileType = sourcecode.swift; path = DetailsDataFetcher.swift; sourceTree = "<group>"; };
		BA3E7B812AE2C17600CE3C3E /* DetailsCorousel.swift */ = {isa = PBXFileReference; lastKnownFileType = sourcecode.swift; path = DetailsCorousel.swift; sourceTree = "<group>"; };
		BA3E7B842AE2C29C00CE3C3E /* DetailsDataConverterInput.swift */ = {isa = PBXFileReference; lastKnownFileType = sourcecode.swift; path = DetailsDataConverterInput.swift; sourceTree = "<group>"; };
		BA3E7B862AE2C2A000CE3C3E /* DetailsDataConverter.swift */ = {isa = PBXFileReference; lastKnownFileType = sourcecode.swift; path = DetailsDataConverter.swift; sourceTree = "<group>"; };
		BA71B4E32AE1024B00554EC4 /* book_app.app */ = {isa = PBXFileReference; explicitFileType = wrapper.application; includeInIndex = 0; path = book_app.app; sourceTree = BUILT_PRODUCTS_DIR; };
		BA71B4E62AE1024B00554EC4 /* AppDelegate.swift */ = {isa = PBXFileReference; lastKnownFileType = sourcecode.swift; path = AppDelegate.swift; sourceTree = "<group>"; };
		BA71B4E82AE1024B00554EC4 /* SceneDelegate.swift */ = {isa = PBXFileReference; lastKnownFileType = sourcecode.swift; path = SceneDelegate.swift; sourceTree = "<group>"; };
		BA71B4EF2AE1024C00554EC4 /* Assets.xcassets */ = {isa = PBXFileReference; lastKnownFileType = folder.assetcatalog; path = Assets.xcassets; sourceTree = "<group>"; };
		BA71B4F22AE1024C00554EC4 /* Base */ = {isa = PBXFileReference; lastKnownFileType = file.storyboard; name = Base; path = Base.lproj/LaunchScreen.storyboard; sourceTree = "<group>"; };
		BA71B4F42AE1024C00554EC4 /* Info.plist */ = {isa = PBXFileReference; lastKnownFileType = text.plist.xml; path = Info.plist; sourceTree = "<group>"; };
		BA71B4FA2AE102E800554EC4 /* GoogleService-Info.plist */ = {isa = PBXFileReference; fileEncoding = 4; lastKnownFileType = text.plist.xml; path = "GoogleService-Info.plist"; sourceTree = "<group>"; };
		BA71B4FC2AE1095500554EC4 /* SplashScreenViewController.swift */ = {isa = PBXFileReference; lastKnownFileType = sourcecode.swift; path = SplashScreenViewController.swift; sourceTree = "<group>"; };
		BA71B5072AE11F6100554EC4 /* SplashScreenViewModel.swift */ = {isa = PBXFileReference; lastKnownFileType = sourcecode.swift; path = SplashScreenViewModel.swift; sourceTree = "<group>"; };
		BA71B50A2AE11F8B00554EC4 /* LibraryViewController.swift */ = {isa = PBXFileReference; lastKnownFileType = sourcecode.swift; path = LibraryViewController.swift; sourceTree = "<group>"; };
		BA71B50E2AE11FA700554EC4 /* LibraryViewModel.swift */ = {isa = PBXFileReference; lastKnownFileType = sourcecode.swift; path = LibraryViewModel.swift; sourceTree = "<group>"; };
		BA71B5112AE11FEB00554EC4 /* Coordinator.swift */ = {isa = PBXFileReference; lastKnownFileType = sourcecode.swift; path = Coordinator.swift; sourceTree = "<group>"; };
		BA71B5132AE11FF400554EC4 /* MainCoordinator.swift */ = {isa = PBXFileReference; lastKnownFileType = sourcecode.swift; path = MainCoordinator.swift; sourceTree = "<group>"; };
		BA71B5162AE1272C00554EC4 /* SplashScreenCoordinator.swift */ = {isa = PBXFileReference; lastKnownFileType = sourcecode.swift; path = SplashScreenCoordinator.swift; sourceTree = "<group>"; };
		BA71B51A2AE12D5400554EC4 /* ImageStorage.swift */ = {isa = PBXFileReference; lastKnownFileType = sourcecode.swift; path = ImageStorage.swift; sourceTree = "<group>"; };
		BA71B51D2AE12E1400554EC4 /* UIImage+Extensions.swift */ = {isa = PBXFileReference; lastKnownFileType = sourcecode.swift; path = "UIImage+Extensions.swift"; sourceTree = "<group>"; };
		BA71B5202AE1350A00554EC4 /* ColorStorage.swift */ = {isa = PBXFileReference; lastKnownFileType = sourcecode.swift; path = ColorStorage.swift; sourceTree = "<group>"; };
		BA71B52A2AE13C3800554EC4 /* NunitoSans-Bold.ttf */ = {isa = PBXFileReference; lastKnownFileType = file; path = "NunitoSans-Bold.ttf"; sourceTree = "<group>"; };
		BA71B52C2AE13FCE00554EC4 /* SplashScreenLoadingView.swift */ = {isa = PBXFileReference; lastKnownFileType = sourcecode.swift; path = SplashScreenLoadingView.swift; sourceTree = "<group>"; };
		BA71B52F2AE1474C00554EC4 /* LibraryScreenCoordinator.swift */ = {isa = PBXFileReference; lastKnownFileType = sourcecode.swift; path = LibraryScreenCoordinator.swift; sourceTree = "<group>"; };
		BA71B5312AE147A300554EC4 /* SplashScreenViewModelInput.swift */ = {isa = PBXFileReference; lastKnownFileType = sourcecode.swift; path = SplashScreenViewModelInput.swift; sourceTree = "<group>"; };
		BA71B5332AE147B300554EC4 /* SplashScreenCoordinatorInput.swift */ = {isa = PBXFileReference; lastKnownFileType = sourcecode.swift; path = SplashScreenCoordinatorInput.swift; sourceTree = "<group>"; };
		BA71B5352AE1481100554EC4 /* LibraryViewModelInput.swift */ = {isa = PBXFileReference; lastKnownFileType = sourcecode.swift; path = LibraryViewModelInput.swift; sourceTree = "<group>"; };
		BA71B5372AE1482300554EC4 /* LibraryScreenCoordinatorInput.swift */ = {isa = PBXFileReference; lastKnownFileType = sourcecode.swift; path = LibraryScreenCoordinatorInput.swift; sourceTree = "<group>"; };
		BA71B53C2AE177F800554EC4 /* FirebaseRemoteConfigManager.swift */ = {isa = PBXFileReference; lastKnownFileType = sourcecode.swift; path = FirebaseRemoteConfigManager.swift; sourceTree = "<group>"; };
		BABBDA922AE1836800433EDD /* Library.swift */ = {isa = PBXFileReference; lastKnownFileType = sourcecode.swift; path = Library.swift; sourceTree = "<group>"; };
		BABBDA942AE1837200433EDD /* BookGenre.swift */ = {isa = PBXFileReference; lastKnownFileType = sourcecode.swift; path = BookGenre.swift; sourceTree = "<group>"; };
		BABBDA962AE1837800433EDD /* BookRemoteConfiguration.swift */ = {isa = PBXFileReference; lastKnownFileType = sourcecode.swift; path = BookRemoteConfiguration.swift; sourceTree = "<group>"; };
		BABBDA982AE1837F00433EDD /* Book.swift */ = {isa = PBXFileReference; lastKnownFileType = sourcecode.swift; path = Book.swift; sourceTree = "<group>"; };
		BABBDA9A2AE1838600433EDD /* TopBannerSlide.swift */ = {isa = PBXFileReference; lastKnownFileType = sourcecode.swift; path = TopBannerSlide.swift; sourceTree = "<group>"; };
		BABBDA9D2AE183EF00433EDD /* RemoteConfigDataMapper.swift */ = {isa = PBXFileReference; lastKnownFileType = sourcecode.swift; path = RemoteConfigDataMapper.swift; sourceTree = "<group>"; };
		BABBDA9F2AE1841A00433EDD /* InternalError.swift */ = {isa = PBXFileReference; lastKnownFileType = sourcecode.swift; path = InternalError.swift; sourceTree = "<group>"; };
		BABBDAA22AE1845B00433EDD /* NetworkError.swift */ = {isa = PBXFileReference; lastKnownFileType = sourcecode.swift; path = NetworkError.swift; sourceTree = "<group>"; };
		BABBDAA52AE184B400433EDD /* RemoteConfigManager.swift */ = {isa = PBXFileReference; lastKnownFileType = sourcecode.swift; path = RemoteConfigManager.swift; sourceTree = "<group>"; };
		BABBDAA72AE1853F00433EDD /* LibrarySectionHeaderView.swift */ = {isa = PBXFileReference; lastKnownFileType = sourcecode.swift; path = LibrarySectionHeaderView.swift; sourceTree = "<group>"; };
		BABBDAA92AE186AF00433EDD /* BookCollectionViewCell.swift */ = {isa = PBXFileReference; lastKnownFileType = sourcecode.swift; path = BookCollectionViewCell.swift; sourceTree = "<group>"; };
		BABBDAAB2AE18E5300433EDD /* NunitoSans-SemiBoldItalic.ttf */ = {isa = PBXFileReference; lastKnownFileType = file; path = "NunitoSans-SemiBoldItalic.ttf"; sourceTree = "<group>"; };
		BABBDAAE2AE197B300433EDD /* ImageLoader.swift */ = {isa = PBXFileReference; lastKnownFileType = sourcecode.swift; path = ImageLoader.swift; sourceTree = "<group>"; };
		BAC2FBCE2AE1B16800D5E5A0 /* LibraryHeaderView.swift */ = {isa = PBXFileReference; lastKnownFileType = sourcecode.swift; path = LibraryHeaderView.swift; sourceTree = "<group>"; };
		BAC2FBD02AE1C7A400D5E5A0 /* BannersPageViewController.swift */ = {isa = PBXFileReference; lastKnownFileType = sourcecode.swift; path = BannersPageViewController.swift; sourceTree = "<group>"; };
		BAF5A1BC2AE27E2F0096FEA3 /* BannerRepresentableViewController.swift */ = {isa = PBXFileReference; lastKnownFileType = sourcecode.swift; path = BannerRepresentableViewController.swift; sourceTree = "<group>"; };
		BAF5A1C22AE285EF0096FEA3 /* DetailsScreenCoordinatorInput.swift */ = {isa = PBXFileReference; lastKnownFileType = sourcecode.swift; path = DetailsScreenCoordinatorInput.swift; sourceTree = "<group>"; };
		BAF5A1C42AE285F40096FEA3 /* DetailsScreenCoordinator.swift */ = {isa = PBXFileReference; lastKnownFileType = sourcecode.swift; path = DetailsScreenCoordinator.swift; sourceTree = "<group>"; };
		BAF5A1C62AE285FF0096FEA3 /* DetailsViewController.swift */ = {isa = PBXFileReference; lastKnownFileType = sourcecode.swift; path = DetailsViewController.swift; sourceTree = "<group>"; };
		BAF5A1C82AE286170096FEA3 /* DetailsViewModelInput.swift */ = {isa = PBXFileReference; lastKnownFileType = sourcecode.swift; path = DetailsViewModelInput.swift; sourceTree = "<group>"; };
		BAF5A1CA2AE2861B0096FEA3 /* DetailsViewModel.swift */ = {isa = PBXFileReference; lastKnownFileType = sourcecode.swift; path = DetailsViewModel.swift; sourceTree = "<group>"; };
		BAF5A1CD2AE298220096FEA3 /* CarouselBooksView.swift */ = {isa = PBXFileReference; lastKnownFileType = sourcecode.swift; path = CarouselBooksView.swift; sourceTree = "<group>"; };
		BAF5A1CF2AE298290096FEA3 /* BookDescriptionView.swift */ = {isa = PBXFileReference; lastKnownFileType = sourcecode.swift; path = BookDescriptionView.swift; sourceTree = "<group>"; };
		C3E2DA637A23CFEEFB6DE0C1 /* Pods_book_app.framework */ = {isa = PBXFileReference; explicitFileType = wrapper.framework; includeInIndex = 0; path = Pods_book_app.framework; sourceTree = BUILT_PRODUCTS_DIR; };
/* End PBXFileReference section */

/* Begin PBXFrameworksBuildPhase section */
		BA71B4E02AE1024B00554EC4 /* Frameworks */ = {
			isa = PBXFrameworksBuildPhase;
			buildActionMask = 2147483647;
			files = (
				A2667E98849D68F54F414791 /* Pods_book_app.framework in Frameworks */,
			);
			runOnlyForDeploymentPostprocessing = 0;
		};
/* End PBXFrameworksBuildPhase section */

/* Begin PBXGroup section */
		6F5E89A26EDB267BAD8ACD36 /* Frameworks */ = {
			isa = PBXGroup;
			children = (
				C3E2DA637A23CFEEFB6DE0C1 /* Pods_book_app.framework */,
			);
			name = Frameworks;
			sourceTree = "<group>";
		};
		BA3E7B682AE2B0E000CE3C3E /* CarouselBooksView */ = {
			isa = PBXGroup;
			children = (
				BAF5A1CD2AE298220096FEA3 /* CarouselBooksView.swift */,
				BA3E7B692AE2B0F000CE3C3E /* CarouselCollectionFlowLayout.swift */,
			);
			path = CarouselBooksView;
			sourceTree = "<group>";
		};
		BA3E7B6D2AE2BE9F00CE3C3E /* DataFlow */ = {
			isa = PBXGroup;
			children = (
				BA3E7B732AE2BED800CE3C3E /* LibraryDataConverter */,
				BA3E7B6E2AE2BEAF00CE3C3E /* LibraryDataFetcher */,
			);
			path = DataFlow;
			sourceTree = "<group>";
		};
		BA3E7B6E2AE2BEAF00CE3C3E /* LibraryDataFetcher */ = {
			isa = PBXGroup;
			children = (
				BA3E7B6F2AE2BEB800CE3C3E /* LibraryDataFetcherInput.swift */,
				BA3E7B712AE2BEBD00CE3C3E /* LibraryDataFetcher.swift */,
			);
			path = LibraryDataFetcher;
			sourceTree = "<group>";
		};
		BA3E7B732AE2BED800CE3C3E /* LibraryDataConverter */ = {
			isa = PBXGroup;
			children = (
				BA3E7B742AE2BEE200CE3C3E /* LibraryDataConverterInput.swift */,
				BA3E7B762AE2BEE600CE3C3E /* LibraryDataConverter.swift */,
			);
			path = LibraryDataConverter;
			sourceTree = "<group>";
		};
		BA3E7B782AE2BF3800CE3C3E /* Endpoint */ = {
			isa = PBXGroup;
			children = (
				BA3E7B792AE2BF5500CE3C3E /* Endpoint.swift */,
			);
			path = Endpoint;
			sourceTree = "<group>";
		};
		BA3E7B7B2AE2BFC300CE3C3E /* DataFlow */ = {
			isa = PBXGroup;
			children = (
				BA3E7B832AE2C28700CE3C3E /* DetailsDataConverter */,
				BA3E7B7C2AE2BFD400CE3C3E /* DetailsDataFetcher */,
			);
			path = DataFlow;
			sourceTree = "<group>";
		};
		BA3E7B7C2AE2BFD400CE3C3E /* DetailsDataFetcher */ = {
			isa = PBXGroup;
			children = (
				BA3E7B7D2AE2BFEF00CE3C3E /* DetailsDataFetcherInput.swift */,
				BA3E7B7F2AE2BFF900CE3C3E /* DetailsDataFetcher.swift */,
			);
			path = DetailsDataFetcher;
			sourceTree = "<group>";
		};
		BA3E7B832AE2C28700CE3C3E /* DetailsDataConverter */ = {
			isa = PBXGroup;
			children = (
				BA3E7B842AE2C29C00CE3C3E /* DetailsDataConverterInput.swift */,
				BA3E7B862AE2C2A000CE3C3E /* DetailsDataConverter.swift */,
			);
			path = DetailsDataConverter;
			sourceTree = "<group>";
		};
		BA71B4DA2AE1024B00554EC4 = {
			isa = PBXGroup;
			children = (
				BA71B4E52AE1024B00554EC4 /* book_app */,
				BA71B4E42AE1024B00554EC4 /* Products */,
				C68BDFAB71627202D63788A1 /* Pods */,
				6F5E89A26EDB267BAD8ACD36 /* Frameworks */,
			);
			sourceTree = "<group>";
		};
		BA71B4E42AE1024B00554EC4 /* Products */ = {
			isa = PBXGroup;
			children = (
				BA71B4E32AE1024B00554EC4 /* book_app.app */,
			);
			name = Products;
			sourceTree = "<group>";
		};
		BA71B4E52AE1024B00554EC4 /* book_app */ = {
			isa = PBXGroup;
			children = (
				BA71B5392AE177C000554EC4 /* Domain */,
				BA71B51C2AE12DFD00554EC4 /* Helpers */,
				BA71B4E62AE1024B00554EC4 /* AppDelegate.swift */,
				BA71B4E82AE1024B00554EC4 /* SceneDelegate.swift */,
				BA71B5152AE11FFA00554EC4 /* MainCoordinator */,
				BAF5A1BE2AE285AB0096FEA3 /* Details */,
				BA71B50C2AE11F9300554EC4 /* Library */,
				BA71B5052AE11F3900554EC4 /* SplashScreen */,
				BA71B5192AE12D3B00554EC4 /* Resources */,
				BA71B4F42AE1024C00554EC4 /* Info.plist */,
				BA71B4FA2AE102E800554EC4 /* GoogleService-Info.plist */,
			);
			path = book_app;
			sourceTree = "<group>";
		};
		BA71B5052AE11F3900554EC4 /* SplashScreen */ = {
			isa = PBXGroup;
			children = (
				BA71B5062AE11F4D00554EC4 /* View */,
				BA71B5092AE11F6600554EC4 /* ViewModel */,
				BA71B5182AE1273300554EC4 /* Coordinator */,
			);
			path = SplashScreen;
			sourceTree = "<group>";
		};
		BA71B5062AE11F4D00554EC4 /* View */ = {
			isa = PBXGroup;
			children = (
				BA71B4FC2AE1095500554EC4 /* SplashScreenViewController.swift */,
				BA71B52C2AE13FCE00554EC4 /* SplashScreenLoadingView.swift */,
			);
			path = View;
			sourceTree = "<group>";
		};
		BA71B5092AE11F6600554EC4 /* ViewModel */ = {
			isa = PBXGroup;
			children = (
				BA71B5312AE147A300554EC4 /* SplashScreenViewModelInput.swift */,
				BA71B5072AE11F6100554EC4 /* SplashScreenViewModel.swift */,
			);
			path = ViewModel;
			sourceTree = "<group>";
		};
		BA71B50C2AE11F9300554EC4 /* Library */ = {
			isa = PBXGroup;
			children = (
				BA71B52E2AE1473700554EC4 /* Coordinator */,
				BA71B50D2AE11F9B00554EC4 /* View */,
				BA71B5102AE11FAA00554EC4 /* ViewModel */,
			);
			path = Library;
			sourceTree = "<group>";
		};
		BA71B50D2AE11F9B00554EC4 /* View */ = {
			isa = PBXGroup;
			children = (
				BA71B50A2AE11F8B00554EC4 /* LibraryViewController.swift */,
				BAC2FBD22AE1C7BD00D5E5A0 /* HelperViews */,
			);
			path = View;
			sourceTree = "<group>";
		};
		BA71B5102AE11FAA00554EC4 /* ViewModel */ = {
			isa = PBXGroup;
			children = (
				BA3E7B6D2AE2BE9F00CE3C3E /* DataFlow */,
				BA71B5352AE1481100554EC4 /* LibraryViewModelInput.swift */,
				BA71B50E2AE11FA700554EC4 /* LibraryViewModel.swift */,
			);
			path = ViewModel;
			sourceTree = "<group>";
		};
		BA71B5152AE11FFA00554EC4 /* MainCoordinator */ = {
			isa = PBXGroup;
			children = (
				BA71B5112AE11FEB00554EC4 /* Coordinator.swift */,
				BA71B5132AE11FF400554EC4 /* MainCoordinator.swift */,
			);
			path = MainCoordinator;
			sourceTree = "<group>";
		};
		BA71B5182AE1273300554EC4 /* Coordinator */ = {
			isa = PBXGroup;
			children = (
				BA71B5332AE147B300554EC4 /* SplashScreenCoordinatorInput.swift */,
				BA71B5162AE1272C00554EC4 /* SplashScreenCoordinator.swift */,
			);
			path = Coordinator;
			sourceTree = "<group>";
		};
		BA71B5192AE12D3B00554EC4 /* Resources */ = {
			isa = PBXGroup;
			children = (
				BA71B5292AE13C0B00554EC4 /* Fonts */,
				BA71B4EF2AE1024C00554EC4 /* Assets.xcassets */,
				BA71B4F12AE1024C00554EC4 /* LaunchScreen.storyboard */,
				BA71B51A2AE12D5400554EC4 /* ImageStorage.swift */,
				BA71B5202AE1350A00554EC4 /* ColorStorage.swift */,
			);
			path = Resources;
			sourceTree = "<group>";
		};
		BA71B51C2AE12DFD00554EC4 /* Helpers */ = {
			isa = PBXGroup;
			children = (
				BA3E7B782AE2BF3800CE3C3E /* Endpoint */,
				BABBDAA42AE1849100433EDD /* DataHandlers */,
				BABBDAA12AE1844800433EDD /* Errors */,
				BA71B51F2AE12E1900554EC4 /* Extensions */,
			);
			path = Helpers;
			sourceTree = "<group>";
		};
		BA71B51F2AE12E1900554EC4 /* Extensions */ = {
			isa = PBXGroup;
			children = (
				BA71B51D2AE12E1400554EC4 /* UIImage+Extensions.swift */,
				BA3E7B662AE2AF4A00CE3C3E /* UICollectionViewCell.swift */,
			);
			path = Extensions;
			sourceTree = "<group>";
		};
		BA71B5292AE13C0B00554EC4 /* Fonts */ = {
			isa = PBXGroup;
			children = (
				BABBDAAB2AE18E5300433EDD /* NunitoSans-SemiBoldItalic.ttf */,
				BA71B52A2AE13C3800554EC4 /* NunitoSans-Bold.ttf */,
			);
			path = Fonts;
			sourceTree = "<group>";
		};
		BA71B52E2AE1473700554EC4 /* Coordinator */ = {
			isa = PBXGroup;
			children = (
				BA71B5372AE1482300554EC4 /* LibraryScreenCoordinatorInput.swift */,
				BA71B52F2AE1474C00554EC4 /* LibraryScreenCoordinator.swift */,
			);
			path = Coordinator;
			sourceTree = "<group>";
		};
		BA71B5392AE177C000554EC4 /* Domain */ = {
			isa = PBXGroup;
			children = (
				BABBDA912AE1835A00433EDD /* Models */,
				BA71B53A2AE177CC00554EC4 /* Managers */,
			);
			path = Domain;
			sourceTree = "<group>";
		};
		BA71B53A2AE177CC00554EC4 /* Managers */ = {
			isa = PBXGroup;
			children = (
				BABBDAAD2AE197A000433EDD /* ImageLoader */,
				BA71B53B2AE177D900554EC4 /* FirebaseRemoteConfigManager */,
			);
			path = Managers;
			sourceTree = "<group>";
		};
		BA71B53B2AE177D900554EC4 /* FirebaseRemoteConfigManager */ = {
			isa = PBXGroup;
			children = (
				BABBDAA52AE184B400433EDD /* RemoteConfigManager.swift */,
				BA71B53C2AE177F800554EC4 /* FirebaseRemoteConfigManager.swift */,
			);
			path = FirebaseRemoteConfigManager;
			sourceTree = "<group>";
		};
		BABBDA912AE1835A00433EDD /* Models */ = {
			isa = PBXGroup;
			children = (
				BABBDA922AE1836800433EDD /* Library.swift */,
				BABBDA942AE1837200433EDD /* BookGenre.swift */,
				BABBDA962AE1837800433EDD /* BookRemoteConfiguration.swift */,
				BABBDA982AE1837F00433EDD /* Book.swift */,
				BABBDA9A2AE1838600433EDD /* TopBannerSlide.swift */,
				BA3E7B812AE2C17600CE3C3E /* DetailsCorousel.swift */,
			);
			path = Models;
			sourceTree = "<group>";
		};
		BABBDAA12AE1844800433EDD /* Errors */ = {
			isa = PBXGroup;
			children = (
				BABBDA9F2AE1841A00433EDD /* InternalError.swift */,
				BABBDAA22AE1845B00433EDD /* NetworkError.swift */,
			);
			path = Errors;
			sourceTree = "<group>";
		};
		BABBDAA42AE1849100433EDD /* DataHandlers */ = {
			isa = PBXGroup;
			children = (
				BABBDA9D2AE183EF00433EDD /* RemoteConfigDataMapper.swift */,
				BA3E7B6B2AE2BE7300CE3C3E /* DataDecoder.swift */,
			);
			path = DataHandlers;
			sourceTree = "<group>";
		};
		BABBDAAD2AE197A000433EDD /* ImageLoader */ = {
			isa = PBXGroup;
			children = (
				BABBDAAE2AE197B300433EDD /* ImageLoader.swift */,
			);
			path = ImageLoader;
			sourceTree = "<group>";
		};
		BAC2FBD22AE1C7BD00D5E5A0 /* HelperViews */ = {
			isa = PBXGroup;
			children = (
				BABBDAA92AE186AF00433EDD /* BookCollectionViewCell.swift */,
				BABBDAA72AE1853F00433EDD /* LibrarySectionHeaderView.swift */,
				BAC2FBCE2AE1B16800D5E5A0 /* LibraryHeaderView.swift */,
				BAC2FBD02AE1C7A400D5E5A0 /* BannersPageViewController.swift */,
				BAF5A1BC2AE27E2F0096FEA3 /* BannerRepresentableViewController.swift */,
			);
			path = HelperViews;
			sourceTree = "<group>";
		};
		BAF5A1BE2AE285AB0096FEA3 /* Details */ = {
			isa = PBXGroup;
			children = (
				BAF5A1C12AE285D70096FEA3 /* ViewModel */,
				BAF5A1C02AE285D20096FEA3 /* View */,
				BAF5A1BF2AE285C90096FEA3 /* Coordinator */,
			);
			path = Details;
			sourceTree = "<group>";
		};
		BAF5A1BF2AE285C90096FEA3 /* Coordinator */ = {
			isa = PBXGroup;
			children = (
				BAF5A1C22AE285EF0096FEA3 /* DetailsScreenCoordinatorInput.swift */,
				BAF5A1C42AE285F40096FEA3 /* DetailsScreenCoordinator.swift */,
			);
			path = Coordinator;
			sourceTree = "<group>";
		};
		BAF5A1C02AE285D20096FEA3 /* View */ = {
			isa = PBXGroup;
			children = (
				BAF5A1CC2AE298180096FEA3 /* HelperViews */,
				BAF5A1C62AE285FF0096FEA3 /* DetailsViewController.swift */,
			);
			path = View;
			sourceTree = "<group>";
		};
		BAF5A1C12AE285D70096FEA3 /* ViewModel */ = {
			isa = PBXGroup;
			children = (
				BA3E7B7B2AE2BFC300CE3C3E /* DataFlow */,
				BAF5A1C82AE286170096FEA3 /* DetailsViewModelInput.swift */,
				BAF5A1CA2AE2861B0096FEA3 /* DetailsViewModel.swift */,
			);
			path = ViewModel;
			sourceTree = "<group>";
		};
		BAF5A1CC2AE298180096FEA3 /* HelperViews */ = {
			isa = PBXGroup;
			children = (
				BA3E7B682AE2B0E000CE3C3E /* CarouselBooksView */,
				BAF5A1CF2AE298290096FEA3 /* BookDescriptionView.swift */,
			);
			path = HelperViews;
			sourceTree = "<group>";
		};
		C68BDFAB71627202D63788A1 /* Pods */ = {
			isa = PBXGroup;
			children = (
				3DFD204E8A97FAE42CCD6D4E /* Pods-book_app.debug.xcconfig */,
				96E4D680B4FE7F23674F3D05 /* Pods-book_app.release.xcconfig */,
			);
			path = Pods;
			sourceTree = "<group>";
		};
/* End PBXGroup section */

/* Begin PBXNativeTarget section */
		BA71B4E22AE1024B00554EC4 /* book_app */ = {
			isa = PBXNativeTarget;
			buildConfigurationList = BA71B4F72AE1024C00554EC4 /* Build configuration list for PBXNativeTarget "book_app" */;
			buildPhases = (
				837D3A1F32FF70D9DFA7D9F2 /* [CP] Check Pods Manifest.lock */,
				BA71B4DF2AE1024B00554EC4 /* Sources */,
				BA71B4E02AE1024B00554EC4 /* Frameworks */,
				BA71B4E12AE1024B00554EC4 /* Resources */,
				D3B30B99BA9BED8C7B124E27 /* [CP] Embed Pods Frameworks */,
			);
			buildRules = (
			);
			dependencies = (
			);
			name = book_app;
			productName = book_app;
			productReference = BA71B4E32AE1024B00554EC4 /* book_app.app */;
			productType = "com.apple.product-type.application";
		};
/* End PBXNativeTarget section */

/* Begin PBXProject section */
		BA71B4DB2AE1024B00554EC4 /* Project object */ = {
			isa = PBXProject;
			attributes = {
				BuildIndependentTargetsInParallel = 1;
				LastSwiftUpdateCheck = 1420;
				LastUpgradeCheck = 1420;
				TargetAttributes = {
					BA71B4E22AE1024B00554EC4 = {
						CreatedOnToolsVersion = 14.2;
					};
				};
			};
			buildConfigurationList = BA71B4DE2AE1024B00554EC4 /* Build configuration list for PBXProject "book_app" */;
			compatibilityVersion = "Xcode 14.0";
			developmentRegion = en;
			hasScannedForEncodings = 0;
			knownRegions = (
				en,
				Base,
				uk,
			);
			mainGroup = BA71B4DA2AE1024B00554EC4;
			productRefGroup = BA71B4E42AE1024B00554EC4 /* Products */;
			projectDirPath = "";
			projectRoot = "";
			targets = (
				BA71B4E22AE1024B00554EC4 /* book_app */,
			);
		};
/* End PBXProject section */

/* Begin PBXResourcesBuildPhase section */
		BA71B4E12AE1024B00554EC4 /* Resources */ = {
			isa = PBXResourcesBuildPhase;
			buildActionMask = 2147483647;
			files = (
				BA71B4F32AE1024C00554EC4 /* LaunchScreen.storyboard in Resources */,
				BA71B4FB2AE102E900554EC4 /* GoogleService-Info.plist in Resources */,
				BA71B4F02AE1024C00554EC4 /* Assets.xcassets in Resources */,
				BABBDAAC2AE18E5300433EDD /* NunitoSans-SemiBoldItalic.ttf in Resources */,
				BA71B52B2AE13D3D00554EC4 /* NunitoSans-Bold.ttf in Resources */,
			);
			runOnlyForDeploymentPostprocessing = 0;
		};
/* End PBXResourcesBuildPhase section */

/* Begin PBXShellScriptBuildPhase section */
		837D3A1F32FF70D9DFA7D9F2 /* [CP] Check Pods Manifest.lock */ = {
			isa = PBXShellScriptBuildPhase;
			buildActionMask = 2147483647;
			files = (
			);
			inputFileListPaths = (
			);
			inputPaths = (
				"${PODS_PODFILE_DIR_PATH}/Podfile.lock",
				"${PODS_ROOT}/Manifest.lock",
			);
			name = "[CP] Check Pods Manifest.lock";
			outputFileListPaths = (
			);
			outputPaths = (
				"$(DERIVED_FILE_DIR)/Pods-book_app-checkManifestLockResult.txt",
			);
			runOnlyForDeploymentPostprocessing = 0;
			shellPath = /bin/sh;
			shellScript = "diff \"${PODS_PODFILE_DIR_PATH}/Podfile.lock\" \"${PODS_ROOT}/Manifest.lock\" > /dev/null\nif [ $? != 0 ] ; then\n    # print error to STDERR\n    echo \"error: The sandbox is not in sync with the Podfile.lock. Run 'pod install' or update your CocoaPods installation.\" >&2\n    exit 1\nfi\n# This output is used by Xcode 'outputs' to avoid re-running this script phase.\necho \"SUCCESS\" > \"${SCRIPT_OUTPUT_FILE_0}\"\n";
			showEnvVarsInLog = 0;
		};
		D3B30B99BA9BED8C7B124E27 /* [CP] Embed Pods Frameworks */ = {
			isa = PBXShellScriptBuildPhase;
			buildActionMask = 2147483647;
			files = (
			);
			inputFileListPaths = (
				"${PODS_ROOT}/Target Support Files/Pods-book_app/Pods-book_app-frameworks-${CONFIGURATION}-input-files.xcfilelist",
			);
			name = "[CP] Embed Pods Frameworks";
			outputFileListPaths = (
				"${PODS_ROOT}/Target Support Files/Pods-book_app/Pods-book_app-frameworks-${CONFIGURATION}-output-files.xcfilelist",
			);
			runOnlyForDeploymentPostprocessing = 0;
			shellPath = /bin/sh;
			shellScript = "\"${PODS_ROOT}/Target Support Files/Pods-book_app/Pods-book_app-frameworks.sh\"\n";
			showEnvVarsInLog = 0;
		};
/* End PBXShellScriptBuildPhase section */

/* Begin PBXSourcesBuildPhase section */
		BA71B4DF2AE1024B00554EC4 /* Sources */ = {
			isa = PBXSourcesBuildPhase;
			buildActionMask = 2147483647;
			files = (
				BAC2FBD12AE1C7A400D5E5A0 /* BannersPageViewController.swift in Sources */,
				BABBDAA82AE1853F00433EDD /* LibrarySectionHeaderView.swift in Sources */,
				BA71B5122AE11FEB00554EC4 /* Coordinator.swift in Sources */,
				BABBDAA62AE184B400433EDD /* RemoteConfigManager.swift in Sources */,
				BABBDAAA2AE186AF00433EDD /* BookCollectionViewCell.swift in Sources */,
				BA71B50F2AE11FA700554EC4 /* LibraryViewModel.swift in Sources */,
				BA71B5322AE147A300554EC4 /* SplashScreenViewModelInput.swift in Sources */,
				BA3E7B802AE2BFF900CE3C3E /* DetailsDataFetcher.swift in Sources */,
				BA3E7B7A2AE2BF5500CE3C3E /* Endpoint.swift in Sources */,
				BA71B4E72AE1024B00554EC4 /* AppDelegate.swift in Sources */,
				BA3E7B672AE2AF4A00CE3C3E /* UICollectionViewCell.swift in Sources */,
				BAF5A1C72AE285FF0096FEA3 /* DetailsViewController.swift in Sources */,
				BA71B4FD2AE1095500554EC4 /* SplashScreenViewController.swift in Sources */,
				BA3E7B872AE2C2A000CE3C3E /* DetailsDataConverter.swift in Sources */,
				BA71B52D2AE13FCE00554EC4 /* SplashScreenLoadingView.swift in Sources */,
				BA3E7B6C2AE2BE7300CE3C3E /* DataDecoder.swift in Sources */,
				BABBDAA32AE1845B00433EDD /* NetworkError.swift in Sources */,
				BA71B51E2AE12E1400554EC4 /* UIImage+Extensions.swift in Sources */,
				BA3E7B702AE2BEB800CE3C3E /* LibraryDataFetcherInput.swift in Sources */,
				BAC2FBCF2AE1B16800D5E5A0 /* LibraryHeaderView.swift in Sources */,
				BA3E7B752AE2BEE200CE3C3E /* LibraryDataConverterInput.swift in Sources */,
				BA71B53D2AE177F800554EC4 /* FirebaseRemoteConfigManager.swift in Sources */,
				BABBDA992AE1837F00433EDD /* Book.swift in Sources */,
				BAF5A1BD2AE27E2F0096FEA3 /* BannerRepresentableViewController.swift in Sources */,
				BAF5A1CB2AE2861B0096FEA3 /* DetailsViewModel.swift in Sources */,
				BABBDA9B2AE1838600433EDD /* TopBannerSlide.swift in Sources */,
				BAF5A1D02AE2982A0096FEA3 /* BookDescriptionView.swift in Sources */,
				BA71B5302AE1474C00554EC4 /* LibraryScreenCoordinator.swift in Sources */,
				BA3E7B6A2AE2B0F000CE3C3E /* CarouselCollectionFlowLayout.swift in Sources */,
				BA71B5212AE1350A00554EC4 /* ColorStorage.swift in Sources */,
				BABBDA9E2AE183EF00433EDD /* RemoteConfigDataMapper.swift in Sources */,
				BA3E7B772AE2BEE600CE3C3E /* LibraryDataConverter.swift in Sources */,
				BA71B5382AE1482300554EC4 /* LibraryScreenCoordinatorInput.swift in Sources */,
				BA71B4E92AE1024B00554EC4 /* SceneDelegate.swift in Sources */,
				BAF5A1C32AE285EF0096FEA3 /* DetailsScreenCoordinatorInput.swift in Sources */,
				BA3E7B822AE2C17600CE3C3E /* DetailsCorousel.swift in Sources */,
				BA71B50B2AE11F8B00554EC4 /* LibraryViewController.swift in Sources */,
				BA71B5142AE11FF400554EC4 /* MainCoordinator.swift in Sources */,
				BAF5A1C52AE285F40096FEA3 /* DetailsScreenCoordinator.swift in Sources */,
				BA71B5362AE1481100554EC4 /* LibraryViewModelInput.swift in Sources */,
				BAF5A1C92AE286170096FEA3 /* DetailsViewModelInput.swift in Sources */,
				BA71B5342AE147B300554EC4 /* SplashScreenCoordinatorInput.swift in Sources */,
				BA3E7B7E2AE2BFEF00CE3C3E /* DetailsDataFetcherInput.swift in Sources */,
				BA71B51B2AE12D5400554EC4 /* ImageStorage.swift in Sources */,
				BA3E7B852AE2C29C00CE3C3E /* DetailsDataConverterInput.swift in Sources */,
				BA3E7B722AE2BEBD00CE3C3E /* LibraryDataFetcher.swift in Sources */,
				BABBDA972AE1837800433EDD /* BookRemoteConfiguration.swift in Sources */,
				BAF5A1CE2AE298220096FEA3 /* CarouselBooksView.swift in Sources */,
				BABBDA932AE1836800433EDD /* Library.swift in Sources */,
				BA71B5082AE11F6100554EC4 /* SplashScreenViewModel.swift in Sources */,
				BABBDAAF2AE197B300433EDD /* ImageLoader.swift in Sources */,
				BABBDAA02AE1841A00433EDD /* InternalError.swift in Sources */,
				BABBDA952AE1837200433EDD /* BookGenre.swift in Sources */,
				BA71B5172AE1272C00554EC4 /* SplashScreenCoordinator.swift in Sources */,
			);
			runOnlyForDeploymentPostprocessing = 0;
		};
/* End PBXSourcesBuildPhase section */

/* Begin PBXVariantGroup section */
		BA71B4F12AE1024C00554EC4 /* LaunchScreen.storyboard */ = {
			isa = PBXVariantGroup;
			children = (
				BA71B4F22AE1024C00554EC4 /* Base */,
			);
			name = LaunchScreen.storyboard;
			sourceTree = "<group>";
		};
/* End PBXVariantGroup section */

/* Begin XCBuildConfiguration section */
		BA71B4F52AE1024C00554EC4 /* Debug */ = {
			isa = XCBuildConfiguration;
			buildSettings = {
				ALWAYS_SEARCH_USER_PATHS = NO;
				CLANG_ANALYZER_LOCALIZABILITY_NONLOCALIZED = YES;
				CLANG_ANALYZER_NONNULL = YES;
				CLANG_ANALYZER_NUMBER_OBJECT_CONVERSION = YES_AGGRESSIVE;
				CLANG_CXX_LANGUAGE_STANDARD = "gnu++20";
				CLANG_ENABLE_MODULES = YES;
				CLANG_ENABLE_OBJC_ARC = YES;
				CLANG_ENABLE_OBJC_WEAK = YES;
				CLANG_WARN_BLOCK_CAPTURE_AUTORELEASING = YES;
				CLANG_WARN_BOOL_CONVERSION = YES;
				CLANG_WARN_COMMA = YES;
				CLANG_WARN_CONSTANT_CONVERSION = YES;
				CLANG_WARN_DEPRECATED_OBJC_IMPLEMENTATIONS = YES;
				CLANG_WARN_DIRECT_OBJC_ISA_USAGE = YES_ERROR;
				CLANG_WARN_DOCUMENTATION_COMMENTS = YES;
				CLANG_WARN_EMPTY_BODY = YES;
				CLANG_WARN_ENUM_CONVERSION = YES;
				CLANG_WARN_INFINITE_RECURSION = YES;
				CLANG_WARN_INT_CONVERSION = YES;
				CLANG_WARN_NON_LITERAL_NULL_CONVERSION = YES;
				CLANG_WARN_OBJC_IMPLICIT_RETAIN_SELF = YES;
				CLANG_WARN_OBJC_LITERAL_CONVERSION = YES;
				CLANG_WARN_OBJC_ROOT_CLASS = YES_ERROR;
				CLANG_WARN_QUOTED_INCLUDE_IN_FRAMEWORK_HEADER = YES;
				CLANG_WARN_RANGE_LOOP_ANALYSIS = YES;
				CLANG_WARN_STRICT_PROTOTYPES = YES;
				CLANG_WARN_SUSPICIOUS_MOVE = YES;
				CLANG_WARN_UNGUARDED_AVAILABILITY = YES_AGGRESSIVE;
				CLANG_WARN_UNREACHABLE_CODE = YES;
				CLANG_WARN__DUPLICATE_METHOD_MATCH = YES;
				COPY_PHASE_STRIP = NO;
				DEBUG_INFORMATION_FORMAT = dwarf;
				ENABLE_STRICT_OBJC_MSGSEND = YES;
				ENABLE_TESTABILITY = YES;
				GCC_C_LANGUAGE_STANDARD = gnu11;
				GCC_DYNAMIC_NO_PIC = NO;
				GCC_NO_COMMON_BLOCKS = YES;
				GCC_OPTIMIZATION_LEVEL = 0;
				GCC_PREPROCESSOR_DEFINITIONS = (
					"DEBUG=1",
					"$(inherited)",
				);
				GCC_WARN_64_TO_32_BIT_CONVERSION = YES;
				GCC_WARN_ABOUT_RETURN_TYPE = YES_ERROR;
				GCC_WARN_UNDECLARED_SELECTOR = YES;
				GCC_WARN_UNINITIALIZED_AUTOS = YES_AGGRESSIVE;
				GCC_WARN_UNUSED_FUNCTION = YES;
				GCC_WARN_UNUSED_VARIABLE = YES;
				IPHONEOS_DEPLOYMENT_TARGET = 16.2;
				MTL_ENABLE_DEBUG_INFO = INCLUDE_SOURCE;
				MTL_FAST_MATH = YES;
				ONLY_ACTIVE_ARCH = YES;
				SDKROOT = iphoneos;
				SWIFT_ACTIVE_COMPILATION_CONDITIONS = DEBUG;
				SWIFT_OPTIMIZATION_LEVEL = "-Onone";
			};
			name = Debug;
		};
		BA71B4F62AE1024C00554EC4 /* Release */ = {
			isa = XCBuildConfiguration;
			buildSettings = {
				ALWAYS_SEARCH_USER_PATHS = NO;
				CLANG_ANALYZER_LOCALIZABILITY_NONLOCALIZED = YES;
				CLANG_ANALYZER_NONNULL = YES;
				CLANG_ANALYZER_NUMBER_OBJECT_CONVERSION = YES_AGGRESSIVE;
				CLANG_CXX_LANGUAGE_STANDARD = "gnu++20";
				CLANG_ENABLE_MODULES = YES;
				CLANG_ENABLE_OBJC_ARC = YES;
				CLANG_ENABLE_OBJC_WEAK = YES;
				CLANG_WARN_BLOCK_CAPTURE_AUTORELEASING = YES;
				CLANG_WARN_BOOL_CONVERSION = YES;
				CLANG_WARN_COMMA = YES;
				CLANG_WARN_CONSTANT_CONVERSION = YES;
				CLANG_WARN_DEPRECATED_OBJC_IMPLEMENTATIONS = YES;
				CLANG_WARN_DIRECT_OBJC_ISA_USAGE = YES_ERROR;
				CLANG_WARN_DOCUMENTATION_COMMENTS = YES;
				CLANG_WARN_EMPTY_BODY = YES;
				CLANG_WARN_ENUM_CONVERSION = YES;
				CLANG_WARN_INFINITE_RECURSION = YES;
				CLANG_WARN_INT_CONVERSION = YES;
				CLANG_WARN_NON_LITERAL_NULL_CONVERSION = YES;
				CLANG_WARN_OBJC_IMPLICIT_RETAIN_SELF = YES;
				CLANG_WARN_OBJC_LITERAL_CONVERSION = YES;
				CLANG_WARN_OBJC_ROOT_CLASS = YES_ERROR;
				CLANG_WARN_QUOTED_INCLUDE_IN_FRAMEWORK_HEADER = YES;
				CLANG_WARN_RANGE_LOOP_ANALYSIS = YES;
				CLANG_WARN_STRICT_PROTOTYPES = YES;
				CLANG_WARN_SUSPICIOUS_MOVE = YES;
				CLANG_WARN_UNGUARDED_AVAILABILITY = YES_AGGRESSIVE;
				CLANG_WARN_UNREACHABLE_CODE = YES;
				CLANG_WARN__DUPLICATE_METHOD_MATCH = YES;
				COPY_PHASE_STRIP = NO;
				DEBUG_INFORMATION_FORMAT = "dwarf-with-dsym";
				ENABLE_NS_ASSERTIONS = NO;
				ENABLE_STRICT_OBJC_MSGSEND = YES;
				GCC_C_LANGUAGE_STANDARD = gnu11;
				GCC_NO_COMMON_BLOCKS = YES;
				GCC_WARN_64_TO_32_BIT_CONVERSION = YES;
				GCC_WARN_ABOUT_RETURN_TYPE = YES_ERROR;
				GCC_WARN_UNDECLARED_SELECTOR = YES;
				GCC_WARN_UNINITIALIZED_AUTOS = YES_AGGRESSIVE;
				GCC_WARN_UNUSED_FUNCTION = YES;
				GCC_WARN_UNUSED_VARIABLE = YES;
				IPHONEOS_DEPLOYMENT_TARGET = 16.2;
				MTL_ENABLE_DEBUG_INFO = NO;
				MTL_FAST_MATH = YES;
				SDKROOT = iphoneos;
				SWIFT_COMPILATION_MODE = wholemodule;
				SWIFT_OPTIMIZATION_LEVEL = "-O";
				VALIDATE_PRODUCT = YES;
			};
			name = Release;
		};
		BA71B4F82AE1024C00554EC4 /* Debug */ = {
			isa = XCBuildConfiguration;
			baseConfigurationReference = 3DFD204E8A97FAE42CCD6D4E /* Pods-book_app.debug.xcconfig */;
			buildSettings = {
				ASSETCATALOG_COMPILER_APPICON_NAME = AppIcon;
				ASSETCATALOG_COMPILER_GLOBAL_ACCENT_COLOR_NAME = AccentColor;
				CODE_SIGN_STYLE = Automatic;
				CURRENT_PROJECT_VERSION = 1;
				GENERATE_INFOPLIST_FILE = YES;
				INFOPLIST_FILE = book_app/Info.plist;
				INFOPLIST_KEY_UIApplicationSupportsIndirectInputEvents = YES;
				INFOPLIST_KEY_UILaunchStoryboardName = LaunchScreen;
				INFOPLIST_KEY_UISupportedInterfaceOrientations_iPad = "UIInterfaceOrientationPortrait UIInterfaceOrientationPortraitUpsideDown UIInterfaceOrientationLandscapeLeft UIInterfaceOrientationLandscapeRight";
				INFOPLIST_KEY_UISupportedInterfaceOrientations_iPhone = "UIInterfaceOrientationPortrait UIInterfaceOrientationLandscapeLeft UIInterfaceOrientationLandscapeRight";
				LD_RUNPATH_SEARCH_PATHS = (
					"$(inherited)",
					"@executable_path/Frameworks",
				);
				MARKETING_VERSION = 1.0;
				PRODUCT_BUNDLE_IDENTIFIER = com.books.app;
				PRODUCT_NAME = "$(TARGET_NAME)";
				SWIFT_EMIT_LOC_STRINGS = YES;
				SWIFT_VERSION = 5.0;
				TARGETED_DEVICE_FAMILY = "1,2";
			};
			name = Debug;
		};
		BA71B4F92AE1024C00554EC4 /* Release */ = {
			isa = XCBuildConfiguration;
			baseConfigurationReference = 96E4D680B4FE7F23674F3D05 /* Pods-book_app.release.xcconfig */;
			buildSettings = {
				ASSETCATALOG_COMPILER_APPICON_NAME = AppIcon;
				ASSETCATALOG_COMPILER_GLOBAL_ACCENT_COLOR_NAME = AccentColor;
				CODE_SIGN_STYLE = Automatic;
				CURRENT_PROJECT_VERSION = 1;
				GENERATE_INFOPLIST_FILE = YES;
				INFOPLIST_FILE = book_app/Info.plist;
				INFOPLIST_KEY_UIApplicationSupportsIndirectInputEvents = YES;
				INFOPLIST_KEY_UILaunchStoryboardName = LaunchScreen;
				INFOPLIST_KEY_UISupportedInterfaceOrientations_iPad = "UIInterfaceOrientationPortrait UIInterfaceOrientationPortraitUpsideDown UIInterfaceOrientationLandscapeLeft UIInterfaceOrientationLandscapeRight";
				INFOPLIST_KEY_UISupportedInterfaceOrientations_iPhone = "UIInterfaceOrientationPortrait UIInterfaceOrientationLandscapeLeft UIInterfaceOrientationLandscapeRight";
				LD_RUNPATH_SEARCH_PATHS = (
					"$(inherited)",
					"@executable_path/Frameworks",
				);
				MARKETING_VERSION = 1.0;
				PRODUCT_BUNDLE_IDENTIFIER = com.books.app;
				PRODUCT_NAME = "$(TARGET_NAME)";
				SWIFT_EMIT_LOC_STRINGS = YES;
				SWIFT_VERSION = 5.0;
				TARGETED_DEVICE_FAMILY = "1,2";
			};
			name = Release;
		};
/* End XCBuildConfiguration section */

/* Begin XCConfigurationList section */
		BA71B4DE2AE1024B00554EC4 /* Build configuration list for PBXProject "book_app" */ = {
			isa = XCConfigurationList;
			buildConfigurations = (
				BA71B4F52AE1024C00554EC4 /* Debug */,
				BA71B4F62AE1024C00554EC4 /* Release */,
			);
			defaultConfigurationIsVisible = 0;
			defaultConfigurationName = Release;
		};
		BA71B4F72AE1024C00554EC4 /* Build configuration list for PBXNativeTarget "book_app" */ = {
			isa = XCConfigurationList;
			buildConfigurations = (
				BA71B4F82AE1024C00554EC4 /* Debug */,
				BA71B4F92AE1024C00554EC4 /* Release */,
			);
			defaultConfigurationIsVisible = 0;
			defaultConfigurationName = Release;
		};
/* End XCConfigurationList section */
	};
	rootObject = BA71B4DB2AE1024B00554EC4 /* Project object */;
}
